
Microsoft Visual Studio Solution File, Format Version 12.00
# Visual Studio 15
VisualStudioVersion = 15.0.28010.2046
MinimumVisualStudioVersion = 10.0.40219.1
Project("{9A19103F-16F7-4668-BE54-9A1E7A4F7556}") = "ServeStaticFileFromEmptyASP.NETCoreTemplateWebAp", "FromEmptyASP.NETCoreTemplateWebAp\ServeStaticFileFromEmptyASP.NETCoreTemplateWebAp.csproj", "{A58F1B44-7A40-45B7-A3AA-FB647ED2CB33}"
EndProject
Global
	GlobalSection(SolutionConfigurationPlatforms) = preSolution
		Debug|Any CPU = Debug|Any CPU
		Release|Any CPU = Release|Any CPU
	EndGlobalSection
	GlobalSection(ProjectConfigurationPlatforms) = postSolution
		{A58F1B44-7A40-45B7-A3AA-FB647ED2CB33}.Debug|Any CPU.ActiveCfg = Debug|Any CPU
		{A58F1B44-7A40-45B7-A3AA-FB647ED2CB33}.Debug|Any CPU.Build.0 = Debug|Any CPU
		{A58F1B44-7A40-45B7-A3AA-FB647ED2CB33}.Release|Any CPU.ActiveCfg = Release|Any CPU
		{A58F1B44-7A40-45B7-A3AA-FB647ED2CB33}.Release|Any CPU.Build.0 = Release|Any CPU
	EndGlobalSection
	GlobalSection(SolutionProperties) = preSolution
		HideSolutionNode = FALSE
	EndGlobalSection
	GlobalSection(ExtensibilityGlobals) = postSolution
		SolutionGuid = {CE79A51A-BE5F-4D86-8849-C2F690602E0A}
	EndGlobalSection
EndGlobal
